// !$*UTF8*$!
{
	archiveVersion = 1;
	classes = {
	};
	objectVersion = 55;
	objects = {

/* Begin PBXBuildFile section */
		BE07ED9927D0023E00E245D4 /* AppDelegate.swift in Sources */ = {isa = PBXBuildFile; fileRef = BE07ED9827D0023E00E245D4 /* AppDelegate.swift */; };
		BE07ED9B27D0023E00E245D4 /* SceneDelegate.swift in Sources */ = {isa = PBXBuildFile; fileRef = BE07ED9A27D0023E00E245D4 /* SceneDelegate.swift */; };
		BE07ED9D27D0023E00E245D4 /* ViewController.swift in Sources */ = {isa = PBXBuildFile; fileRef = BE07ED9C27D0023E00E245D4 /* ViewController.swift */; };
		BE07EDA027D0023E00E245D4 /* Main.storyboard in Resources */ = {isa = PBXBuildFile; fileRef = BE07ED9E27D0023E00E245D4 /* Main.storyboard */; };
		BE07EDA227D0023E00E245D4 /* Assets.xcassets in Resources */ = {isa = PBXBuildFile; fileRef = BE07EDA127D0023E00E245D4 /* Assets.xcassets */; };
		BE07EDA527D0023E00E245D4 /* LaunchScreen.storyboard in Resources */ = {isa = PBXBuildFile; fileRef = BE07EDA327D0023E00E245D4 /* LaunchScreen.storyboard */; };
		BE2C98E727D3750C00844E8C /* PokemonData.swift in Sources */ = {isa = PBXBuildFile; fileRef = BE2C98E627D3750C00844E8C /* PokemonData.swift */; };
		BE2C98ED27D3D77300844E8C /* PokemonModelManager.swift in Sources */ = {isa = PBXBuildFile; fileRef = BE2C98EC27D3D77300844E8C /* PokemonModelManager.swift */; };
/* End PBXBuildFile section */

/* Begin PBXFileReference section */
		BE07ED9527D0023E00E245D4 /* Pokemon Cards.app */ = {isa = PBXFileReference; explicitFileType = wrapper.application; includeInIndex = 0; path = "Pokemon Cards.app"; sourceTree = BUILT_PRODUCTS_DIR; };
		BE07ED9827D0023E00E245D4 /* AppDelegate.swift */ = {isa = PBXFileReference; lastKnownFileType = sourcecode.swift; path = AppDelegate.swift; sourceTree = "<group>"; };
		BE07ED9A27D0023E00E245D4 /* SceneDelegate.swift */ = {isa = PBXFileReference; lastKnownFileType = sourcecode.swift; path = SceneDelegate.swift; sourceTree = "<group>"; };
		BE07ED9C27D0023E00E245D4 /* ViewController.swift */ = {isa = PBXFileReference; lastKnownFileType = sourcecode.swift; path = ViewController.swift; sourceTree = "<group>"; };
		BE07ED9F27D0023E00E245D4 /* Base */ = {isa = PBXFileReference; lastKnownFileType = file.storyboard; name = Base; path = Base.lproj/Main.storyboard; sourceTree = "<group>"; };
		BE07EDA127D0023E00E245D4 /* Assets.xcassets */ = {isa = PBXFileReference; lastKnownFileType = folder.assetcatalog; path = Assets.xcassets; sourceTree = "<group>"; };
		BE07EDA427D0023E00E245D4 /* Base */ = {isa = PBXFileReference; lastKnownFileType = file.storyboard; name = Base; path = Base.lproj/LaunchScreen.storyboard; sourceTree = "<group>"; };
		BE07EDA627D0023E00E245D4 /* Info.plist */ = {isa = PBXFileReference; lastKnownFileType = text.plist.xml; path = Info.plist; sourceTree = "<group>"; };
		BE2C98E627D3750C00844E8C /* PokemonData.swift */ = {isa = PBXFileReference; lastKnownFileType = sourcecode.swift; path = PokemonData.swift; sourceTree = "<group>"; };
		BE2C98EC27D3D77300844E8C /* PokemonModelManager.swift */ = {isa = PBXFileReference; lastKnownFileType = sourcecode.swift; path = PokemonModelManager.swift; sourceTree = "<group>"; };
/* End PBXFileReference section */

/* Begin PBXFrameworksBuildPhase section */
		BE07ED9227D0023E00E245D4 /* Frameworks */ = {
			isa = PBXFrameworksBuildPhase;
			buildActionMask = 2147483647;
			files = (
			);
			runOnlyForDeploymentPostprocessing = 0;
		};
/* End PBXFrameworksBuildPhase section */

/* Begin PBXGroup section */
		BE07ED8C27D0023E00E245D4 = {
			isa = PBXGroup;
			children = (
				BE07ED9727D0023E00E245D4 /* Pokemon Cards */,
				BE07ED9627D0023E00E245D4 /* Products */,
			);
			sourceTree = "<group>";
		};
		BE07ED9627D0023E00E245D4 /* Products */ = {
			isa = PBXGroup;
			children = (
				BE07ED9527D0023E00E245D4 /* Pokemon Cards.app */,
			);
			name = Products;
			sourceTree = "<group>";
		};
		BE07ED9727D0023E00E245D4 /* Pokemon Cards */ = {
			isa = PBXGroup;
			children = (
				BE2C98E327D3656D00844E8C /* Model */,
				BE2C98E427D3657500844E8C /* View */,
				BE2C98E527D3658000844E8C /* Controller */,
				BE07ED9827D0023E00E245D4 /* AppDelegate.swift */,
				BE07ED9A27D0023E00E245D4 /* SceneDelegate.swift */,
				BE07EDA127D0023E00E245D4 /* Assets.xcassets */,
				BE07EDA327D0023E00E245D4 /* LaunchScreen.storyboard */,
				BE07EDA627D0023E00E245D4 /* Info.plist */,
			);
			path = "Pokemon Cards";
			sourceTree = "<group>";
		};
		BE2C98E327D3656D00844E8C /* Model */ = {
			isa = PBXGroup;
			children = (
				BE2C98E627D3750C00844E8C /* PokemonData.swift */,
				BE2C98EC27D3D77300844E8C /* PokemonModelManager.swift */,
			);
			path = Model;
			sourceTree = "<group>";
		};
		BE2C98E427D3657500844E8C /* View */ = {
			isa = PBXGroup;
			children = (
				BE07ED9E27D0023E00E245D4 /* Main.storyboard */,
			);
			path = View;
			sourceTree = "<group>";
		};
		BE2C98E527D3658000844E8C /* Controller */ = {
			isa = PBXGroup;
			children = (
				BE07ED9C27D0023E00E245D4 /* ViewController.swift */,
			);
			path = Controller;
			sourceTree = "<group>";
		};
/* End PBXGroup section */

/* Begin PBXNativeTarget section */
		BE07ED9427D0023E00E245D4 /* Pokemon Cards */ = {
			isa = PBXNativeTarget;
			buildConfigurationList = BE07EDA927D0023E00E245D4 /* Build configuration list for PBXNativeTarget "Pokemon Cards" */;
			buildPhases = (
				BE07ED9127D0023E00E245D4 /* Sources */,
				BE07ED9227D0023E00E245D4 /* Frameworks */,
				BE07ED9327D0023E00E245D4 /* Resources */,
			);
			buildRules = (
			);
			dependencies = (
			);
			name = "Pokemon Cards";
			productName = "Pokemon Cards";
			productReference = BE07ED9527D0023E00E245D4 /* Pokemon Cards.app */;
			productType = "com.apple.product-type.application";
		};
/* End PBXNativeTarget section */

/* Begin PBXProject section */
		BE07ED8D27D0023E00E245D4 /* Project object */ = {
			isa = PBXProject;
			attributes = {
				BuildIndependentTargetsInParallel = 1;
				LastSwiftUpdateCheck = 1320;
				LastUpgradeCheck = 1320;
				TargetAttributes = {
					BE07ED9427D0023E00E245D4 = {
						CreatedOnToolsVersion = 13.2.1;
					};
				};
			};
			buildConfigurationList = BE07ED9027D0023E00E245D4 /* Build configuration list for PBXProject "Pokemon Cards" */;
			compatibilityVersion = "Xcode 13.0";
			developmentRegion = en;
			hasScannedForEncodings = 0;
			knownRegions = (
				en,
				Base,
			);
			mainGroup = BE07ED8C27D0023E00E245D4;
			productRefGroup = BE07ED9627D0023E00E245D4 /* Products */;
			projectDirPath = "";
			projectRoot = "";
			targets = (
				BE07ED9427D0023E00E245D4 /* Pokemon Cards */,
			);
		};
/* End PBXProject section */

/* Begin PBXResourcesBuildPhase section */
		BE07ED9327D0023E00E245D4 /* Resources */ = {
			isa = PBXResourcesBuildPhase;
			buildActionMask = 2147483647;
			files = (
				BE07EDA527D0023E00E245D4 /* LaunchScreen.storyboard in Resources */,
				BE07EDA227D0023E00E245D4 /* Assets.xcassets in Resources */,
				BE07EDA027D0023E00E245D4 /* Main.storyboard in Resources */,
			);
			runOnlyForDeploymentPostprocessing = 0;
		};
/* End PBXResourcesBuildPhase section */

/* Begin PBXSourcesBuildPhase section */
		BE07ED9127D0023E00E245D4 /* Sources */ = {
			isa = PBXSourcesBuildPhase;
			buildActionMask = 2147483647;
			files = (
				BE07ED9D27D0023E00E245D4 /* ViewController.swift in Sources */,
				BE2C98ED27D3D77300844E8C /* PokemonModelManager.swift in Sources */,
				BE07ED9927D0023E00E245D4 /* AppDelegate.swift in Sources */,
				BE07ED9B27D0023E00E245D4 /* SceneDelegate.swift in Sources */,
				BE2C98E727D3750C00844E8C /* PokemonData.swift in Sources */,
			);
			runOnlyForDeploymentPostprocessing = 0;
		};
/* End PBXSourcesBuildPhase section */

/* Begin PBXVariantGroup section */
		BE07ED9E27D0023E00E245D4 /* Main.storyboard */ = {
			isa = PBXVariantGroup;
			children = (
				BE07ED9F27D0023E00E245D4 /* Base */,
			);
			name = Main.storyboard;
			sourceTree = "<group>";
		};
		BE07EDA327D0023E00E245D4 /* LaunchScreen.storyboard */ = {
			isa = PBXVariantGroup;
			children = (
				BE07EDA427D0023E00E245D4 /* Base */,
			);
			name = LaunchScreen.storyboard;
			sourceTree = "<group>";
		};
/* End PBXVariantGroup section */

/* Begin XCBuildConfiguration section */
		BE07EDA727D0023E00E245D4 /* Debug */ = {
			isa = XCBuildConfiguration;
			buildSettings = {
				ALWAYS_SEARCH_USER_PATHS = NO;
				CLANG_ANALYZER_NONNULL = YES;
				CLANG_ANALYZER_NUMBER_OBJECT_CONVERSION = YES_AGGRESSIVE;
				CLANG_CXX_LANGUAGE_STANDARD = "gnu++17";
				CLANG_CXX_LIBRARY = "libc++";
				CLANG_ENABLE_MODULES = YES;
				CLANG_ENABLE_OBJC_ARC = YES;
				CLANG_ENABLE_OBJC_WEAK = YES;
				CLANG_WARN_BLOCK_CAPTURE_AUTORELEASING = YES;
				CLANG_WARN_BOOL_CONVERSION = YES;
				CLANG_WARN_COMMA = YES;
				CLANG_WARN_CONSTANT_CONVERSION = YES;
				CLANG_WARN_DEPRECATED_OBJC_IMPLEMENTATIONS = YES;
				CLANG_WARN_DIRECT_OBJC_ISA_USAGE = YES_ERROR;
				CLANG_WARN_DOCUMENTATION_COMMENTS = YES;
				CLANG_WARN_EMPTY_BODY = YES;
				CLANG_WARN_ENUM_CONVERSION = YES;
				CLANG_WARN_INFINITE_RECURSION = YES;
				CLANG_WARN_INT_CONVERSION = YES;
				CLANG_WARN_NON_LITERAL_NULL_CONVERSION = YES;
				CLANG_WARN_OBJC_IMPLICIT_RETAIN_SELF = YES;
				CLANG_WARN_OBJC_LITERAL_CONVERSION = YES;
				CLANG_WARN_OBJC_ROOT_CLASS = YES_ERROR;
				CLANG_WARN_QUOTED_INCLUDE_IN_FRAMEWORK_HEADER = YES;
				CLANG_WARN_RANGE_LOOP_ANALYSIS = YES;
				CLANG_WARN_STRICT_PROTOTYPES = YES;
				CLANG_WARN_SUSPICIOUS_MOVE = YES;
				CLANG_WARN_UNGUARDED_AVAILABILITY = YES_AGGRESSIVE;
				CLANG_WARN_UNREACHABLE_CODE = YES;
				CLANG_WARN__DUPLICATE_METHOD_MATCH = YES;
				COPY_PHASE_STRIP = NO;
				DEBUG_INFORMATION_FORMAT = dwarf;
				ENABLE_STRICT_OBJC_MSGSEND = YES;
				ENABLE_TESTABILITY = YES;
				GCC_C_LANGUAGE_STANDARD = gnu11;
				GCC_DYNAMIC_NO_PIC = NO;
				GCC_NO_COMMON_BLOCKS = YES;
				GCC_OPTIMIZATION_LEVEL = 0;
				GCC_PREPROCESSOR_DEFINITIONS = (
					"DEBUG=1",
					"$(inherited)",
				);
				GCC_WARN_64_TO_32_BIT_CONVERSION = YES;
				GCC_WARN_ABOUT_RETURN_TYPE = YES_ERROR;
				GCC_WARN_UNDECLARED_SELECTOR = YES;
				GCC_WARN_UNINITIALIZED_AUTOS = YES_AGGRESSIVE;
				GCC_WARN_UNUSED_FUNCTION = YES;
				GCC_WARN_UNUSED_VARIABLE = YES;
				IPHONEOS_DEPLOYMENT_TARGET = 15.2;
				MTL_ENABLE_DEBUG_INFO = INCLUDE_SOURCE;
				MTL_FAST_MATH = YES;
				ONLY_ACTIVE_ARCH = YES;
				SDKROOT = iphoneos;
				SWIFT_ACTIVE_COMPILATION_CONDITIONS = DEBUG;
				SWIFT_OPTIMIZATION_LEVEL = "-Onone";
			};
			name = Debug;
		};
		BE07EDA827D0023E00E245D4 /* Release */ = {
			isa = XCBuildConfiguration;
			buildSettings = {
				ALWAYS_SEARCH_USER_PATHS = NO;
				CLANG_ANALYZER_NONNULL = YES;
				CLANG_ANALYZER_NUMBER_OBJECT_CONVERSION = YES_AGGRESSIVE;
				CLANG_CXX_LANGUAGE_STANDARD = "gnu++17";
				CLANG_CXX_LIBRARY = "libc++";
				CLANG_ENABLE_MODULES = YES;
				CLANG_ENABLE_OBJC_ARC = YES;
				CLANG_ENABLE_OBJC_WEAK = YES;
				CLANG_WARN_BLOCK_CAPTURE_AUTORELEASING = YES;
				CLANG_WARN_BOOL_CONVERSION = YES;
				CLANG_WARN_COMMA = YES;
				CLANG_WARN_CONSTANT_CONVERSION = YES;
				CLANG_WARN_DEPRECATED_OBJC_IMPLEMENTATIONS = YES;
				CLANG_WARN_DIRECT_OBJC_ISA_USAGE = YES_ERROR;
				CLANG_WARN_DOCUMENTATION_COMMENTS = YES;
				CLANG_WARN_EMPTY_BODY = YES;
				CLANG_WARN_ENUM_CONVERSION = YES;
				CLANG_WARN_INFINITE_RECURSION = YES;
				CLANG_WARN_INT_CONVERSION = YES;
				CLANG_WARN_NON_LITERAL_NULL_CONVERSION = YES;
				CLANG_WARN_OBJC_IMPLICIT_RETAIN_SELF = YES;
				CLANG_WARN_OBJC_LITERAL_CONVERSION = YES;
				CLANG_WARN_OBJC_ROOT_CLASS = YES_ERROR;
				CLANG_WARN_QUOTED_INCLUDE_IN_FRAMEWORK_HEADER = YES;
				CLANG_WARN_RANGE_LOOP_ANALYSIS = YES;
				CLANG_WARN_STRICT_PROTOTYPES = YES;
				CLANG_WARN_SUSPICIOUS_MOVE = YES;
				CLANG_WARN_UNGUARDED_AVAILABILITY = YES_AGGRESSIVE;
				CLANG_WARN_UNREACHABLE_CODE = YES;
				CLANG_WARN__DUPLICATE_METHOD_MATCH = YES;
				COPY_PHASE_STRIP = NO;
				DEBUG_INFORMATION_FORMAT = "dwarf-with-dsym";
				ENABLE_NS_ASSERTIONS = NO;
				ENABLE_STRICT_OBJC_MSGSEND = YES;
				GCC_C_LANGUAGE_STANDARD = gnu11;
				GCC_NO_COMMON_BLOCKS = YES;
				GCC_WARN_64_TO_32_BIT_CONVERSION = YES;
				GCC_WARN_ABOUT_RETURN_TYPE = YES_ERROR;
				GCC_WARN_UNDECLARED_SELECTOR = YES;
				GCC_WARN_UNINITIALIZED_AUTOS = YES_AGGRESSIVE;
				GCC_WARN_UNUSED_FUNCTION = YES;
				GCC_WARN_UNUSED_VARIABLE = YES;
				IPHONEOS_DEPLOYMENT_TARGET = 15.2;
				MTL_ENABLE_DEBUG_INFO = NO;
				MTL_FAST_MATH = YES;
				SDKROOT = iphoneos;
				SWIFT_COMPILATION_MODE = wholemodule;
				SWIFT_OPTIMIZATION_LEVEL = "-O";
				VALIDATE_PRODUCT = YES;
			};
			name = Release;
		};
		BE07EDAA27D0023E00E245D4 /* Debug */ = {
			isa = XCBuildConfiguration;
			buildSettings = {
				ASSETCATALOG_COMPILER_APPICON_NAME = AppIcon;
				ASSETCATALOG_COMPILER_GLOBAL_ACCENT_COLOR_NAME = AccentColor;
				CODE_SIGN_STYLE = Automatic;
				CURRENT_PROJECT_VERSION = 1;
				DEVELOPMENT_TEAM = V8XUSCHZL9;
				GENERATE_INFOPLIST_FILE = YES;
				INFOPLIST_FILE = "Pokemon Cards/Info.plist";
				INFOPLIST_KEY_UIApplicationSupportsIndirectInputEvents = YES;
				INFOPLIST_KEY_UILaunchStoryboardName = LaunchScreen;
				INFOPLIST_KEY_UIMainStoryboardFile = Main;
				INFOPLIST_KEY_UISupportedInterfaceOrientations = "UIInterfaceOrientationPortrait UIInterfaceOrientationLandscapeLeft UIInterfaceOrientationLandscapeRight";
				INFOPLIST_KEY_UISupportedInterfaceOrientations_iPad = "UIInterfaceOrientationPortrait UIInterfaceOrientationPortraitUpsideDown UIInterfaceOrientationLandscapeLeft UIInterfaceOrientationLandscapeRight";
				INFOPLIST_KEY_UISupportedInterfaceOrientations_iPhone = "UIInterfaceOrientationPortrait UIInterfaceOrientationLandscapeLeft UIInterfaceOrientationLandscapeRight";
				IPHONEOS_DEPLOYMENT_TARGET = 15.0;
				LD_RUNPATH_SEARCH_PATHS = (
					"$(inherited)",
					"@executable_path/Frameworks",
				);
				MARKETING_VERSION = 1.0;
				PRODUCT_BUNDLE_IDENTIFIER = "toksoykaan.Pokemon-Cards";
				PRODUCT_NAME = "$(TARGET_NAME)";
				SWIFT_EMIT_LOC_STRINGS = YES;
				SWIFT_VERSION = 5.0;
				TARGETED_DEVICE_FAMILY = "1,2";
			};
			name = Debug;
		};
		BE07EDAB27D0023E00E245D4 /* Release */ = {
			isa = XCBuildConfiguration;
			buildSettings = {
				ASSETCATALOG_COMPILER_APPICON_NAME = AppIcon;
				ASSETCATALOG_COMPILER_GLOBAL_ACCENT_COLOR_NAME = AccentColor;
				CODE_SIGN_STYLE = Automatic;
				CURRENT_PROJECT_VERSION = 1;
				DEVELOPMENT_TEAM = V8XUSCHZL9;
				GENERATE_INFOPLIST_FILE = YES;
				INFOPLIST_FILE = "Pokemon Cards/Info.plist";
				INFOPLIST_KEY_UIApplicationSupportsIndirectInputEvents = YES;
				INFOPLIST_KEY_UILaunchStoryboardName = LaunchScreen;
				INFOPLIST_KEY_UIMainStoryboardFile = Main;
				INFOPLIST_KEY_UISupportedInterfaceOrientations = "UIInterfaceOrientationPortrait UIInterfaceOrientationLandscapeLeft UIInterfaceOrientationLandscapeRight";
				INFOPLIST_KEY_UISupportedInterfaceOrientations_iPad = "UIInterfaceOrientationPortrait UIInterfaceOrientationPortraitUpsideDown UIInterfaceOrientationLandscapeLeft UIInterfaceOrientationLandscapeRight";
				INFOPLIST_KEY_UISupportedInterfaceOrientations_iPhone = "UIInterfaceOrientationPortrait UIInterfaceOrientationLandscapeLeft UIInterfaceOrientationLandscapeRight";
				IPHONEOS_DEPLOYMENT_TARGET = 15.0;
				LD_RUNPATH_SEARCH_PATHS = (
					"$(inherited)",
					"@executable_path/Frameworks",
				);
				MARKETING_VERSION = 1.0;
				PRODUCT_BUNDLE_IDENTIFIER = "toksoykaan.Pokemon-Cards";
				PRODUCT_NAME = "$(TARGET_NAME)";
				SWIFT_EMIT_LOC_STRINGS = YES;
				SWIFT_VERSION = 5.0;
				TARGETED_DEVICE_FAMILY = "1,2";
			};
			name = Release;
		};
/* End XCBuildConfiguration section */

/* Begin XCConfigurationList section */
		BE07ED9027D0023E00E245D4 /* Build configuration list for PBXProject "Pokemon Cards" */ = {
			isa = XCConfigurationList;
			buildConfigurations = (
				BE07EDA727D0023E00E245D4 /* Debug */,
				BE07EDA827D0023E00E245D4 /* Release */,
			);
			defaultConfigurationIsVisible = 0;
			defaultConfigurationName = Release;
		};
		BE07EDA927D0023E00E245D4 /* Build configuration list for PBXNativeTarget "Pokemon Cards" */ = {
			isa = XCConfigurationList;
			buildConfigurations = (
				BE07EDAA27D0023E00E245D4 /* Debug */,
				BE07EDAB27D0023E00E245D4 /* Release */,
			);
			defaultConfigurationIsVisible = 0;
			defaultConfigurationName = Release;
		};
/* End XCConfigurationList section */
	};
	rootObject = BE07ED8D27D0023E00E245D4 /* Project object */;
}
